
Microsoft Visual Studio Solution File, Format Version 12.00
# Visual Studio Version 17
VisualStudioVersion = 17.4.33110.190
MinimumVisualStudioVersion = 10.0.40219.1
Project("{FAE04EC0-301F-11D3-BF4B-00C04F79EFBC}") = "AssignmentOneTextAdventure", "AssignmentOneTextAdventure.csproj", "{152209E4-5A52-4211-A5E0-B8C172C7BEBA}"
EndProject
Global
	GlobalSection(SolutionConfigurationPlatforms) = preSolution
		Debug|Any CPU = Debug|Any CPU
		Release|Any CPU = Release|Any CPU
	EndGlobalSection
	GlobalSection(ProjectConfigurationPlatforms) = postSolution
		{152209E4-5A52-4211-A5E0-B8C172C7BEBA}.Debug|Any CPU.ActiveCfg = Debug|Any CPU
		{152209E4-5A52-4211-A5E0-B8C172C7BEBA}.Debug|Any CPU.Build.0 = Debug|Any CPU
		{152209E4-5A52-4211-A5E0-B8C172C7BEBA}.Release|Any CPU.ActiveCfg = Release|Any CPU
		{152209E4-5A52-4211-A5E0-B8C172C7BEBA}.Release|Any CPU.Build.0 = Release|Any CPU
	EndGlobalSection
	GlobalSection(SolutionProperties) = preSolution
		HideSolutionNode = FALSE
	EndGlobalSection
	GlobalSection(ExtensibilityGlobals) = postSolution
		SolutionGuid = {1DF61679-BA1F-4349-9690-80E19A484AE2}
	EndGlobalSection
EndGlobal
